
Microsoft Visual Studio Solution File, Format Version 12.00
# Visual Studio Version 17
VisualStudioVersion = 17.4.33103.184
MinimumVisualStudioVersion = 10.0.40219.1
Project("{FAE04EC0-301F-11D3-BF4B-00C04F79EFBC}") = "PdfMerge.View", "PdfMerge.View\PdfMerge.View.csproj", "{66A1DDE5-36D7-4D11-B91A-06964917703D}"
EndProject
Project("{FAE04EC0-301F-11D3-BF4B-00C04F79EFBC}") = "PdfMerge.Service", "PdfMerge.Service\PdfMerge.Service.csproj", "{568C35D6-B272-4E84-812E-6369C66D5F14}"
EndProject
Global
	GlobalSection(SolutionConfigurationPlatforms) = preSolution
		Debug|Any CPU = Debug|Any CPU
		Release|Any CPU = Release|Any CPU
	EndGlobalSection
	GlobalSection(ProjectConfigurationPlatforms) = postSolution
		{66A1DDE5-36D7-4D11-B91A-06964917703D}.Debug|Any CPU.ActiveCfg = Debug|Any CPU
		{66A1DDE5-36D7-4D11-B91A-06964917703D}.Debug|Any CPU.Build.0 = Debug|Any CPU
		{66A1DDE5-36D7-4D11-B91A-06964917703D}.Release|Any CPU.ActiveCfg = Release|Any CPU
		{66A1DDE5-36D7-4D11-B91A-06964917703D}.Release|Any CPU.Build.0 = Release|Any CPU
		{568C35D6-B272-4E84-812E-6369C66D5F14}.Debug|Any CPU.ActiveCfg = Debug|Any CPU
		{568C35D6-B272-4E84-812E-6369C66D5F14}.Debug|Any CPU.Build.0 = Debug|Any CPU
		{568C35D6-B272-4E84-812E-6369C66D5F14}.Release|Any CPU.ActiveCfg = Release|Any CPU
		{568C35D6-B272-4E84-812E-6369C66D5F14}.Release|Any CPU.Build.0 = Release|Any CPU
	EndGlobalSection
	GlobalSection(SolutionProperties) = preSolution
		HideSolutionNode = FALSE
	EndGlobalSection
	GlobalSection(ExtensibilityGlobals) = postSolution
		SolutionGuid = {573DBACB-9C63-4DCB-BADE-1AA0C8AE4B19}
	EndGlobalSection
EndGlobal
